// !$*UTF8*$!
{
	archiveVersion = 1;
	classes = {
	};
	objectVersion = 56;
	objects = {

/* Begin PBXBuildFile section */
		9C399D1428DC959F0074A2BA /* CodeScanner in Frameworks */ = {isa = PBXBuildFile; productRef = 9C399D1328DC959F0074A2BA /* CodeScanner */; };
		9C46C71C28DCBA6600ED0AA8 /* OnboardingView.swift in Sources */ = {isa = PBXBuildFile; fileRef = 9C46C71B28DCBA6600ED0AA8 /* OnboardingView.swift */; };
		9C5270DD28DBB92300DCE3D7 /* CarRow.swift in Sources */ = {isa = PBXBuildFile; fileRef = 9C5270DC28DBB92300DCE3D7 /* CarRow.swift */; };
		9CA6E0E428DB4BD400A0BA4B /* VinIsDieselApp.swift in Sources */ = {isa = PBXBuildFile; fileRef = 9CA6E0E328DB4BD400A0BA4B /* VinIsDieselApp.swift */; };
		9CA6E0E628DB4BD400A0BA4B /* ContentView.swift in Sources */ = {isa = PBXBuildFile; fileRef = 9CA6E0E528DB4BD400A0BA4B /* ContentView.swift */; };
		9CA6E0E828DB4BD600A0BA4B /* Assets.xcassets in Resources */ = {isa = PBXBuildFile; fileRef = 9CA6E0E728DB4BD600A0BA4B /* Assets.xcassets */; };
		9CA6E0EB28DB4BD600A0BA4B /* Preview Assets.xcassets in Resources */ = {isa = PBXBuildFile; fileRef = 9CA6E0EA28DB4BD600A0BA4B /* Preview Assets.xcassets */; };
		9CA6E0ED28DB4BD600A0BA4B /* Persistence.swift in Sources */ = {isa = PBXBuildFile; fileRef = 9CA6E0EC28DB4BD600A0BA4B /* Persistence.swift */; };
		9CA6E0F028DB4BD600A0BA4B /* VinIsDiesel.xcdatamodeld in Sources */ = {isa = PBXBuildFile; fileRef = 9CA6E0EE28DB4BD600A0BA4B /* VinIsDiesel.xcdatamodeld */; };
		9CF3F0D428DB6DEC007D217D /* VINdicator in Frameworks */ = {isa = PBXBuildFile; productRef = 9CF3F0D328DB6DEC007D217D /* VINdicator */; };
		9CF3F0D628DB7A7B007D217D /* CarDetails.swift in Sources */ = {isa = PBXBuildFile; fileRef = 9CF3F0D528DB7A7B007D217D /* CarDetails.swift */; };
/* End PBXBuildFile section */

/* Begin PBXFileReference section */
		9C46C71B28DCBA6600ED0AA8 /* OnboardingView.swift */ = {isa = PBXFileReference; lastKnownFileType = sourcecode.swift; path = OnboardingView.swift; sourceTree = "<group>"; };
		9C5270DC28DBB92300DCE3D7 /* CarRow.swift */ = {isa = PBXFileReference; lastKnownFileType = sourcecode.swift; path = CarRow.swift; sourceTree = "<group>"; };
		9CA6E0E028DB4BD400A0BA4B /* VinIsDiesel.app */ = {isa = PBXFileReference; explicitFileType = wrapper.application; includeInIndex = 0; path = VinIsDiesel.app; sourceTree = BUILT_PRODUCTS_DIR; };
		9CA6E0E328DB4BD400A0BA4B /* VinIsDieselApp.swift */ = {isa = PBXFileReference; lastKnownFileType = sourcecode.swift; path = VinIsDieselApp.swift; sourceTree = "<group>"; };
		9CA6E0E528DB4BD400A0BA4B /* ContentView.swift */ = {isa = PBXFileReference; lastKnownFileType = sourcecode.swift; path = ContentView.swift; sourceTree = "<group>"; };
		9CA6E0E728DB4BD600A0BA4B /* Assets.xcassets */ = {isa = PBXFileReference; lastKnownFileType = folder.assetcatalog; path = Assets.xcassets; sourceTree = "<group>"; };
		9CA6E0EA28DB4BD600A0BA4B /* Preview Assets.xcassets */ = {isa = PBXFileReference; lastKnownFileType = folder.assetcatalog; path = "Preview Assets.xcassets"; sourceTree = "<group>"; };
		9CA6E0EC28DB4BD600A0BA4B /* Persistence.swift */ = {isa = PBXFileReference; lastKnownFileType = sourcecode.swift; path = Persistence.swift; sourceTree = "<group>"; };
		9CA6E0EF28DB4BD600A0BA4B /* VinIsDiesel.xcdatamodel */ = {isa = PBXFileReference; lastKnownFileType = wrapper.xcdatamodel; path = VinIsDiesel.xcdatamodel; sourceTree = "<group>"; };
		9CF3F0D528DB7A7B007D217D /* CarDetails.swift */ = {isa = PBXFileReference; fileEncoding = 4; lastKnownFileType = sourcecode.swift; path = CarDetails.swift; sourceTree = "<group>"; };
/* End PBXFileReference section */

/* Begin PBXFrameworksBuildPhase section */
		9CA6E0DD28DB4BD400A0BA4B /* Frameworks */ = {
			isa = PBXFrameworksBuildPhase;
			buildActionMask = 2147483647;
			files = (
				9C399D1428DC959F0074A2BA /* CodeScanner in Frameworks */,
				9CF3F0D428DB6DEC007D217D /* VINdicator in Frameworks */,
			);
			runOnlyForDeploymentPostprocessing = 0;
		};
/* End PBXFrameworksBuildPhase section */

/* Begin PBXGroup section */
		9CA6E0D728DB4BD400A0BA4B = {
			isa = PBXGroup;
			children = (
				9CA6E0E228DB4BD400A0BA4B /* VinIsDiesel */,
				9CA6E0E128DB4BD400A0BA4B /* Products */,
			);
			sourceTree = "<group>";
		};
		9CA6E0E128DB4BD400A0BA4B /* Products */ = {
			isa = PBXGroup;
			children = (
				9CA6E0E028DB4BD400A0BA4B /* VinIsDiesel.app */,
			);
			name = Products;
			sourceTree = "<group>";
		};
		9CA6E0E228DB4BD400A0BA4B /* VinIsDiesel */ = {
			isa = PBXGroup;
			children = (
				9CA6E0E328DB4BD400A0BA4B /* VinIsDieselApp.swift */,
				9CA6E0E528DB4BD400A0BA4B /* ContentView.swift */,
				9C46C71B28DCBA6600ED0AA8 /* OnboardingView.swift */,
				9C5270DC28DBB92300DCE3D7 /* CarRow.swift */,
				9CF3F0D528DB7A7B007D217D /* CarDetails.swift */,
				9CA6E0E728DB4BD600A0BA4B /* Assets.xcassets */,
				9CA6E0EC28DB4BD600A0BA4B /* Persistence.swift */,
				9CA6E0EE28DB4BD600A0BA4B /* VinIsDiesel.xcdatamodeld */,
				9CA6E0E928DB4BD600A0BA4B /* Preview Content */,
			);
			path = VinIsDiesel;
			sourceTree = "<group>";
		};
		9CA6E0E928DB4BD600A0BA4B /* Preview Content */ = {
			isa = PBXGroup;
			children = (
				9CA6E0EA28DB4BD600A0BA4B /* Preview Assets.xcassets */,
			);
			path = "Preview Content";
			sourceTree = "<group>";
		};
/* End PBXGroup section */

/* Begin PBXNativeTarget section */
		9CA6E0DF28DB4BD400A0BA4B /* VinIsDiesel */ = {
			isa = PBXNativeTarget;
			buildConfigurationList = 9CA6E0F328DB4BD600A0BA4B /* Build configuration list for PBXNativeTarget "VinIsDiesel" */;
			buildPhases = (
				9CA6E0DC28DB4BD400A0BA4B /* Sources */,
				9CA6E0DD28DB4BD400A0BA4B /* Frameworks */,
				9CA6E0DE28DB4BD400A0BA4B /* Resources */,
			);
			buildRules = (
			);
			dependencies = (
			);
			name = VinIsDiesel;
			packageProductDependencies = (
				9CF3F0D328DB6DEC007D217D /* VINdicator */,
				9C399D1328DC959F0074A2BA /* CodeScanner */,
			);
			productName = VinIsDiesel;
			productReference = 9CA6E0E028DB4BD400A0BA4B /* VinIsDiesel.app */;
			productType = "com.apple.product-type.application";
		};
/* End PBXNativeTarget section */

/* Begin PBXProject section */
		9CA6E0D828DB4BD400A0BA4B /* Project object */ = {
			isa = PBXProject;
			attributes = {
				BuildIndependentTargetsInParallel = 1;
				LastSwiftUpdateCheck = 1400;
				LastUpgradeCheck = 1400;
				TargetAttributes = {
					9CA6E0DF28DB4BD400A0BA4B = {
						CreatedOnToolsVersion = 14.0;
					};
				};
			};
			buildConfigurationList = 9CA6E0DB28DB4BD400A0BA4B /* Build configuration list for PBXProject "VinIsDiesel" */;
			compatibilityVersion = "Xcode 14.0";
			developmentRegion = en;
			hasScannedForEncodings = 0;
			knownRegions = (
				en,
				Base,
			);
			mainGroup = 9CA6E0D728DB4BD400A0BA4B;
			packageReferences = (
				9CF3F0D228DB6DEC007D217D /* XCRemoteSwiftPackageReference "VINdicator" */,
				9C399D1228DC959F0074A2BA /* XCRemoteSwiftPackageReference "CodeScanner" */,
			);
			productRefGroup = 9CA6E0E128DB4BD400A0BA4B /* Products */;
			projectDirPath = "";
			projectRoot = "";
			targets = (
				9CA6E0DF28DB4BD400A0BA4B /* VinIsDiesel */,
			);
		};
/* End PBXProject section */

/* Begin PBXResourcesBuildPhase section */
		9CA6E0DE28DB4BD400A0BA4B /* Resources */ = {
			isa = PBXResourcesBuildPhase;
			buildActionMask = 2147483647;
			files = (
				9CA6E0EB28DB4BD600A0BA4B /* Preview Assets.xcassets in Resources */,
				9CA6E0E828DB4BD600A0BA4B /* Assets.xcassets in Resources */,
			);
			runOnlyForDeploymentPostprocessing = 0;
		};
/* End PBXResourcesBuildPhase section */

/* Begin PBXSourcesBuildPhase section */
		9CA6E0DC28DB4BD400A0BA4B /* Sources */ = {
			isa = PBXSourcesBuildPhase;
			buildActionMask = 2147483647;
			files = (
				9CA6E0ED28DB4BD600A0BA4B /* Persistence.swift in Sources */,
				9CF3F0D628DB7A7B007D217D /* CarDetails.swift in Sources */,
				9CA6E0E628DB4BD400A0BA4B /* ContentView.swift in Sources */,
				9C5270DD28DBB92300DCE3D7 /* CarRow.swift in Sources */,
				9CA6E0E428DB4BD400A0BA4B /* VinIsDieselApp.swift in Sources */,
				9CA6E0F028DB4BD600A0BA4B /* VinIsDiesel.xcdatamodeld in Sources */,
				9C46C71C28DCBA6600ED0AA8 /* OnboardingView.swift in Sources */,
			);
			runOnlyForDeploymentPostprocessing = 0;
		};
/* End PBXSourcesBuildPhase section */

/* Begin XCBuildConfiguration section */
		9CA6E0F128DB4BD600A0BA4B /* Debug */ = {
			isa = XCBuildConfiguration;
			buildSettings = {
				ALWAYS_SEARCH_USER_PATHS = NO;
				CLANG_ANALYZER_NONNULL = YES;
				CLANG_ANALYZER_NUMBER_OBJECT_CONVERSION = YES_AGGRESSIVE;
				CLANG_CXX_LANGUAGE_STANDARD = "gnu++20";
				CLANG_ENABLE_MODULES = YES;
				CLANG_ENABLE_OBJC_ARC = YES;
				CLANG_ENABLE_OBJC_WEAK = YES;
				CLANG_WARN_BLOCK_CAPTURE_AUTORELEASING = YES;
				CLANG_WARN_BOOL_CONVERSION = YES;
				CLANG_WARN_COMMA = YES;
				CLANG_WARN_CONSTANT_CONVERSION = YES;
				CLANG_WARN_DEPRECATED_OBJC_IMPLEMENTATIONS = YES;
				CLANG_WARN_DIRECT_OBJC_ISA_USAGE = YES_ERROR;
				CLANG_WARN_DOCUMENTATION_COMMENTS = YES;
				CLANG_WARN_EMPTY_BODY = YES;
				CLANG_WARN_ENUM_CONVERSION = YES;
				CLANG_WARN_INFINITE_RECURSION = YES;
				CLANG_WARN_INT_CONVERSION = YES;
				CLANG_WARN_NON_LITERAL_NULL_CONVERSION = YES;
				CLANG_WARN_OBJC_IMPLICIT_RETAIN_SELF = YES;
				CLANG_WARN_OBJC_LITERAL_CONVERSION = YES;
				CLANG_WARN_OBJC_ROOT_CLASS = YES_ERROR;
				CLANG_WARN_QUOTED_INCLUDE_IN_FRAMEWORK_HEADER = YES;
				CLANG_WARN_RANGE_LOOP_ANALYSIS = YES;
				CLANG_WARN_STRICT_PROTOTYPES = YES;
				CLANG_WARN_SUSPICIOUS_MOVE = YES;
				CLANG_WARN_UNGUARDED_AVAILABILITY = YES_AGGRESSIVE;
				CLANG_WARN_UNREACHABLE_CODE = YES;
				CLANG_WARN__DUPLICATE_METHOD_MATCH = YES;
				COPY_PHASE_STRIP = NO;
				DEBUG_INFORMATION_FORMAT = dwarf;
				ENABLE_STRICT_OBJC_MSGSEND = YES;
				ENABLE_TESTABILITY = YES;
				GCC_C_LANGUAGE_STANDARD = gnu11;
				GCC_DYNAMIC_NO_PIC = NO;
				GCC_NO_COMMON_BLOCKS = YES;
				GCC_OPTIMIZATION_LEVEL = 0;
				GCC_PREPROCESSOR_DEFINITIONS = (
					"DEBUG=1",
					"$(inherited)",
				);
				GCC_WARN_64_TO_32_BIT_CONVERSION = YES;
				GCC_WARN_ABOUT_RETURN_TYPE = YES_ERROR;
				GCC_WARN_UNDECLARED_SELECTOR = YES;
				GCC_WARN_UNINITIALIZED_AUTOS = YES_AGGRESSIVE;
				GCC_WARN_UNUSED_FUNCTION = YES;
				GCC_WARN_UNUSED_VARIABLE = YES;
				IPHONEOS_DEPLOYMENT_TARGET = 16.0;
				MTL_ENABLE_DEBUG_INFO = INCLUDE_SOURCE;
				MTL_FAST_MATH = YES;
				ONLY_ACTIVE_ARCH = YES;
				SDKROOT = iphoneos;
				SWIFT_ACTIVE_COMPILATION_CONDITIONS = DEBUG;
				SWIFT_OPTIMIZATION_LEVEL = "-Onone";
			};
			name = Debug;
		};
		9CA6E0F228DB4BD600A0BA4B /* Release */ = {
			isa = XCBuildConfiguration;
			buildSettings = {
				ALWAYS_SEARCH_USER_PATHS = NO;
				CLANG_ANALYZER_NONNULL = YES;
				CLANG_ANALYZER_NUMBER_OBJECT_CONVERSION = YES_AGGRESSIVE;
				CLANG_CXX_LANGUAGE_STANDARD = "gnu++20";
				CLANG_ENABLE_MODULES = YES;
				CLANG_ENABLE_OBJC_ARC = YES;
				CLANG_ENABLE_OBJC_WEAK = YES;
				CLANG_WARN_BLOCK_CAPTURE_AUTORELEASING = YES;
				CLANG_WARN_BOOL_CONVERSION = YES;
				CLANG_WARN_COMMA = YES;
				CLANG_WARN_CONSTANT_CONVERSION = YES;
				CLANG_WARN_DEPRECATED_OBJC_IMPLEMENTATIONS = YES;
				CLANG_WARN_DIRECT_OBJC_ISA_USAGE = YES_ERROR;
				CLANG_WARN_DOCUMENTATION_COMMENTS = YES;
				CLANG_WARN_EMPTY_BODY = YES;
				CLANG_WARN_ENUM_CONVERSION = YES;
				CLANG_WARN_INFINITE_RECURSION = YES;
				CLANG_WARN_INT_CONVERSION = YES;
				CLANG_WARN_NON_LITERAL_NULL_CONVERSION = YES;
				CLANG_WARN_OBJC_IMPLICIT_RETAIN_SELF = YES;
				CLANG_WARN_OBJC_LITERAL_CONVERSION = YES;
				CLANG_WARN_OBJC_ROOT_CLASS = YES_ERROR;
				CLANG_WARN_QUOTED_INCLUDE_IN_FRAMEWORK_HEADER = YES;
				CLANG_WARN_RANGE_LOOP_ANALYSIS = YES;
				CLANG_WARN_STRICT_PROTOTYPES = YES;
				CLANG_WARN_SUSPICIOUS_MOVE = YES;
				CLANG_WARN_UNGUARDED_AVAILABILITY = YES_AGGRESSIVE;
				CLANG_WARN_UNREACHABLE_CODE = YES;
				CLANG_WARN__DUPLICATE_METHOD_MATCH = YES;
				COPY_PHASE_STRIP = NO;
				DEBUG_INFORMATION_FORMAT = "dwarf-with-dsym";
				ENABLE_NS_ASSERTIONS = NO;
				ENABLE_STRICT_OBJC_MSGSEND = YES;
				GCC_C_LANGUAGE_STANDARD = gnu11;
				GCC_NO_COMMON_BLOCKS = YES;
				GCC_WARN_64_TO_32_BIT_CONVERSION = YES;
				GCC_WARN_ABOUT_RETURN_TYPE = YES_ERROR;
				GCC_WARN_UNDECLARED_SELECTOR = YES;
				GCC_WARN_UNINITIALIZED_AUTOS = YES_AGGRESSIVE;
				GCC_WARN_UNUSED_FUNCTION = YES;
				GCC_WARN_UNUSED_VARIABLE = YES;
				IPHONEOS_DEPLOYMENT_TARGET = 16.0;
				MTL_ENABLE_DEBUG_INFO = NO;
				MTL_FAST_MATH = YES;
				SDKROOT = iphoneos;
				SWIFT_COMPILATION_MODE = wholemodule;
				SWIFT_OPTIMIZATION_LEVEL = "-O";
				VALIDATE_PRODUCT = YES;
			};
			name = Release;
		};
		9CA6E0F428DB4BD600A0BA4B /* Debug */ = {
			isa = XCBuildConfiguration;
			buildSettings = {
				ASSETCATALOG_COMPILER_APPICON_NAME = AppIcon;
				ASSETCATALOG_COMPILER_GLOBAL_ACCENT_COLOR_NAME = AccentColor;
				CODE_SIGN_STYLE = Automatic;
				CURRENT_PROJECT_VERSION = 1;
				DEVELOPMENT_ASSET_PATHS = "\"VinIsDiesel/Preview Content\"";
				DEVELOPMENT_TEAM = WPM3555LTQ;
				ENABLE_PREVIEWS = YES;
				GENERATE_INFOPLIST_FILE = YES;
				INFOPLIST_KEY_NSCameraUsageDescription = "Camera use is required to scan VIN codes.";
				INFOPLIST_KEY_UIApplicationSceneManifest_Generation = YES;
				INFOPLIST_KEY_UIApplicationSupportsIndirectInputEvents = YES;
				INFOPLIST_KEY_UILaunchScreen_Generation = YES;
				INFOPLIST_KEY_UISupportedInterfaceOrientations = "UIInterfaceOrientationLandscapeLeft UIInterfaceOrientationLandscapeRight UIInterfaceOrientationPortrait UIInterfaceOrientationPortraitUpsideDown";
				LD_RUNPATH_SEARCH_PATHS = (
					"$(inherited)",
					"@executable_path/Frameworks",
				);
				MARKETING_VERSION = 1.0;
				PRODUCT_BUNDLE_IDENTIFIER = macshome.VinIsDiesel;
				PRODUCT_NAME = "$(TARGET_NAME)";
				SWIFT_EMIT_LOC_STRINGS = YES;
				SWIFT_VERSION = 5.0;
				TARGETED_DEVICE_FAMILY = "1,2";
			};
			name = Debug;
		};
		9CA6E0F528DB4BD600A0BA4B /* Release */ = {
			isa = XCBuildConfiguration;
			buildSettings = {
				ASSETCATALOG_COMPILER_APPICON_NAME = AppIcon;
				ASSETCATALOG_COMPILER_GLOBAL_ACCENT_COLOR_NAME = AccentColor;
				CODE_SIGN_STYLE = Automatic;
				CURRENT_PROJECT_VERSION = 1;
				DEVELOPMENT_ASSET_PATHS = "\"VinIsDiesel/Preview Content\"";
				DEVELOPMENT_TEAM = WPM3555LTQ;
				ENABLE_PREVIEWS = YES;
				GENERATE_INFOPLIST_FILE = YES;
				INFOPLIST_KEY_NSCameraUsageDescription = "Camera use is required to scan VIN codes.";
				INFOPLIST_KEY_UIApplicationSceneManifest_Generation = YES;
				INFOPLIST_KEY_UIApplicationSupportsIndirectInputEvents = YES;
				INFOPLIST_KEY_UILaunchScreen_Generation = YES;
				INFOPLIST_KEY_UISupportedInterfaceOrientations = "UIInterfaceOrientationLandscapeLeft UIInterfaceOrientationLandscapeRight UIInterfaceOrientationPortrait UIInterfaceOrientationPortraitUpsideDown";
				LD_RUNPATH_SEARCH_PATHS = (
					"$(inherited)",
					"@executable_path/Frameworks",
				);
				MARKETING_VERSION = 1.0;
				PRODUCT_BUNDLE_IDENTIFIER = macshome.VinIsDiesel;
				PRODUCT_NAME = "$(TARGET_NAME)";
				SWIFT_EMIT_LOC_STRINGS = YES;
				SWIFT_VERSION = 5.0;
				TARGETED_DEVICE_FAMILY = "1,2";
			};
			name = Release;
		};
/* End XCBuildConfiguration section */

/* Begin XCConfigurationList section */
		9CA6E0DB28DB4BD400A0BA4B /* Build configuration list for PBXProject "VinIsDiesel" */ = {
			isa = XCConfigurationList;
			buildConfigurations = (
				9CA6E0F128DB4BD600A0BA4B /* Debug */,
				9CA6E0F228DB4BD600A0BA4B /* Release */,
			);
			defaultConfigurationIsVisible = 0;
			defaultConfigurationName = Release;
		};
		9CA6E0F328DB4BD600A0BA4B /* Build configuration list for PBXNativeTarget "VinIsDiesel" */ = {
			isa = XCConfigurationList;
			buildConfigurations = (
				9CA6E0F428DB4BD600A0BA4B /* Debug */,
				9CA6E0F528DB4BD600A0BA4B /* Release */,
			);
			defaultConfigurationIsVisible = 0;
			defaultConfigurationName = Release;
		};
/* End XCConfigurationList section */

/* Begin XCRemoteSwiftPackageReference section */
		9C399D1228DC959F0074A2BA /* XCRemoteSwiftPackageReference "CodeScanner" */ = {
			isa = XCRemoteSwiftPackageReference;
			repositoryURL = "https://github.com/twostraws/CodeScanner";
			requirement = {
				kind = upToNextMajorVersion;
				minimumVersion = 2.0.0;
			};
		};
		9CF3F0D228DB6DEC007D217D /* XCRemoteSwiftPackageReference "VINdicator" */ = {
			isa = XCRemoteSwiftPackageReference;
			repositoryURL = "https://github.com/macshome/VINdicator";
			requirement = {
				branch = main;
				kind = branch;
			};
		};
/* End XCRemoteSwiftPackageReference section */

/* Begin XCSwiftPackageProductDependency section */
		9C399D1328DC959F0074A2BA /* CodeScanner */ = {
			isa = XCSwiftPackageProductDependency;
			package = 9C399D1228DC959F0074A2BA /* XCRemoteSwiftPackageReference "CodeScanner" */;
			productName = CodeScanner;
		};
		9CF3F0D328DB6DEC007D217D /* VINdicator */ = {
			isa = XCSwiftPackageProductDependency;
			package = 9CF3F0D228DB6DEC007D217D /* XCRemoteSwiftPackageReference "VINdicator" */;
			productName = VINdicator;
		};
/* End XCSwiftPackageProductDependency section */

/* Begin XCVersionGroup section */
		9CA6E0EE28DB4BD600A0BA4B /* VinIsDiesel.xcdatamodeld */ = {
			isa = XCVersionGroup;
			children = (
				9CA6E0EF28DB4BD600A0BA4B /* VinIsDiesel.xcdatamodel */,
			);
			currentVersion = 9CA6E0EF28DB4BD600A0BA4B /* VinIsDiesel.xcdatamodel */;
			path = VinIsDiesel.xcdatamodeld;
			sourceTree = "<group>";
			versionGroupType = wrapper.xcdatamodel;
		};
/* End XCVersionGroup section */
	};
	rootObject = 9CA6E0D828DB4BD400A0BA4B /* Project object */;
}
