{
  "pins" : [
    {
      "identity" : "codescanner",
      "kind" : "remoteSourceControl",
      "location" : "https://github.com/twostraws/CodeScanner",
      "state" : {
        "revision" : "c7859712034a08bb5a018fbe8751c1f1edc4b248",
        "version" : "2.2.1"
      }
    },
    {
      "identity" : "vindicator",
      "kind" : "remoteSourceControl",
      "location" : "https://github.com/macshome/VINdicator",
      "state" : {
        "branch" : "main",
        "revision" : "7a7d95327e7690b321105f55beeb80c6ba3c185d"
      }
    }
  ],
  "version" : 2
}
